
Microsoft Visual Studio Solution File, Format Version 12.00
# Visual Studio Version 16
VisualStudioVersion = 16.0.30011.22
MinimumVisualStudioVersion = 15.0.26124.0
Project("{9A19103F-16F7-4668-BE54-9A1E7A4F7556}") = "Examples", "Examples\Examples.csproj", "{AE11EF26-A9E4-4691-87C1-668CE97396EC}"
EndProject
Project("{9A19103F-16F7-4668-BE54-9A1E7A4F7556}") = "Functional", "Functional\Functional.csproj", "{8FCA8D68-E2DA-4CB8-9039-97CA22018341}"
EndProject
Project("{FAE04EC0-301F-11D3-BF4B-00C04F79EFBC}") = "Exercises", "Exercises\Exercises.csproj", "{38A6018A-4E55-4F2C-97FC-8F9A7D2CE806}"
EndProject
Global
	GlobalSection(SolutionConfigurationPlatforms) = preSolution
		Debug|Any CPU = Debug|Any CPU
		Debug|x64 = Debug|x64
		Debug|x86 = Debug|x86
		Release|Any CPU = Release|Any CPU
		Release|x64 = Release|x64
		Release|x86 = Release|x86
	EndGlobalSection
	GlobalSection(ProjectConfigurationPlatforms) = postSolution
		{AE11EF26-A9E4-4691-87C1-668CE97396EC}.Debug|Any CPU.ActiveCfg = Debug|Any CPU
		{AE11EF26-A9E4-4691-87C1-668CE97396EC}.Debug|Any CPU.Build.0 = Debug|Any CPU
		{AE11EF26-A9E4-4691-87C1-668CE97396EC}.Debug|x64.ActiveCfg = Debug|Any CPU
		{AE11EF26-A9E4-4691-87C1-668CE97396EC}.Debug|x64.Build.0 = Debug|Any CPU
		{AE11EF26-A9E4-4691-87C1-668CE97396EC}.Debug|x86.ActiveCfg = Debug|Any CPU
		{AE11EF26-A9E4-4691-87C1-668CE97396EC}.Debug|x86.Build.0 = Debug|Any CPU
		{AE11EF26-A9E4-4691-87C1-668CE97396EC}.Release|Any CPU.ActiveCfg = Release|Any CPU
		{AE11EF26-A9E4-4691-87C1-668CE97396EC}.Release|Any CPU.Build.0 = Release|Any CPU
		{AE11EF26-A9E4-4691-87C1-668CE97396EC}.Release|x64.ActiveCfg = Release|Any CPU
		{AE11EF26-A9E4-4691-87C1-668CE97396EC}.Release|x64.Build.0 = Release|Any CPU
		{AE11EF26-A9E4-4691-87C1-668CE97396EC}.Release|x86.ActiveCfg = Release|Any CPU
		{AE11EF26-A9E4-4691-87C1-668CE97396EC}.Release|x86.Build.0 = Release|Any CPU
		{8FCA8D68-E2DA-4CB8-9039-97CA22018341}.Debug|Any CPU.ActiveCfg = Debug|Any CPU
		{8FCA8D68-E2DA-4CB8-9039-97CA22018341}.Debug|Any CPU.Build.0 = Debug|Any CPU
		{8FCA8D68-E2DA-4CB8-9039-97CA22018341}.Debug|x64.ActiveCfg = Debug|Any CPU
		{8FCA8D68-E2DA-4CB8-9039-97CA22018341}.Debug|x64.Build.0 = Debug|Any CPU
		{8FCA8D68-E2DA-4CB8-9039-97CA22018341}.Debug|x86.ActiveCfg = Debug|Any CPU
		{8FCA8D68-E2DA-4CB8-9039-97CA22018341}.Debug|x86.Build.0 = Debug|Any CPU
		{8FCA8D68-E2DA-4CB8-9039-97CA22018341}.Release|Any CPU.ActiveCfg = Release|Any CPU
		{8FCA8D68-E2DA-4CB8-9039-97CA22018341}.Release|Any CPU.Build.0 = Release|Any CPU
		{8FCA8D68-E2DA-4CB8-9039-97CA22018341}.Release|x64.ActiveCfg = Release|Any CPU
		{8FCA8D68-E2DA-4CB8-9039-97CA22018341}.Release|x64.Build.0 = Release|Any CPU
		{8FCA8D68-E2DA-4CB8-9039-97CA22018341}.Release|x86.ActiveCfg = Release|Any CPU
		{8FCA8D68-E2DA-4CB8-9039-97CA22018341}.Release|x86.Build.0 = Release|Any CPU
		{38A6018A-4E55-4F2C-97FC-8F9A7D2CE806}.Debug|Any CPU.ActiveCfg = Debug|Any CPU
		{38A6018A-4E55-4F2C-97FC-8F9A7D2CE806}.Debug|Any CPU.Build.0 = Debug|Any CPU
		{38A6018A-4E55-4F2C-97FC-8F9A7D2CE806}.Debug|x64.ActiveCfg = Debug|Any CPU
		{38A6018A-4E55-4F2C-97FC-8F9A7D2CE806}.Debug|x64.Build.0 = Debug|Any CPU
		{38A6018A-4E55-4F2C-97FC-8F9A7D2CE806}.Debug|x86.ActiveCfg = Debug|Any CPU
		{38A6018A-4E55-4F2C-97FC-8F9A7D2CE806}.Debug|x86.Build.0 = Debug|Any CPU
		{38A6018A-4E55-4F2C-97FC-8F9A7D2CE806}.Release|Any CPU.ActiveCfg = Release|Any CPU
		{38A6018A-4E55-4F2C-97FC-8F9A7D2CE806}.Release|Any CPU.Build.0 = Release|Any CPU
		{38A6018A-4E55-4F2C-97FC-8F9A7D2CE806}.Release|x64.ActiveCfg = Release|Any CPU
		{38A6018A-4E55-4F2C-97FC-8F9A7D2CE806}.Release|x64.Build.0 = Release|Any CPU
		{38A6018A-4E55-4F2C-97FC-8F9A7D2CE806}.Release|x86.ActiveCfg = Release|Any CPU
		{38A6018A-4E55-4F2C-97FC-8F9A7D2CE806}.Release|x86.Build.0 = Release|Any CPU
	EndGlobalSection
	GlobalSection(SolutionProperties) = preSolution
		HideSolutionNode = FALSE
	EndGlobalSection
	GlobalSection(ExtensibilityGlobals) = postSolution
		SolutionGuid = {BDFD23BB-D460-400B-8573-F54AE9D0226C}
	EndGlobalSection
EndGlobal
